
Microsoft Visual Studio Solution File, Format Version 12.00
# Visual Studio 15
VisualStudioVersion = 15.0.28307.136
MinimumVisualStudioVersion = 10.0.40219.1
Project("{FAE04EC0-301F-11D3-BF4B-00C04F79EFBC}") = "SmartRockets", "SmartRockets.csproj", "{57EC3309-5F6F-495E-B4F3-A39AA2B02F1F}"
EndProject
Project("{FAE04EC0-301F-11D3-BF4B-00C04F79EFBC}") = "Vector", "Vector\Vector.csproj", "{3BFF1068-0B3E-4FEB-94BF-F78DCB75422C}"
EndProject
Global
	GlobalSection(SolutionConfigurationPlatforms) = preSolution
		Debug|Any CPU = Debug|Any CPU
		Release|Any CPU = Release|Any CPU
	EndGlobalSection
	GlobalSection(ProjectConfigurationPlatforms) = postSolution
		{57EC3309-5F6F-495E-B4F3-A39AA2B02F1F}.Debug|Any CPU.ActiveCfg = Debug|Any CPU
		{57EC3309-5F6F-495E-B4F3-A39AA2B02F1F}.Debug|Any CPU.Build.0 = Debug|Any CPU
		{57EC3309-5F6F-495E-B4F3-A39AA2B02F1F}.Release|Any CPU.ActiveCfg = Release|Any CPU
		{57EC3309-5F6F-495E-B4F3-A39AA2B02F1F}.Release|Any CPU.Build.0 = Release|Any CPU
		{3BFF1068-0B3E-4FEB-94BF-F78DCB75422C}.Debug|Any CPU.ActiveCfg = Debug|Any CPU
		{3BFF1068-0B3E-4FEB-94BF-F78DCB75422C}.Debug|Any CPU.Build.0 = Debug|Any CPU
		{3BFF1068-0B3E-4FEB-94BF-F78DCB75422C}.Release|Any CPU.ActiveCfg = Release|Any CPU
		{3BFF1068-0B3E-4FEB-94BF-F78DCB75422C}.Release|Any CPU.Build.0 = Release|Any CPU
	EndGlobalSection
	GlobalSection(SolutionProperties) = preSolution
		HideSolutionNode = FALSE
	EndGlobalSection
	GlobalSection(ExtensibilityGlobals) = postSolution
		SolutionGuid = {CC1938C0-B623-4301-926C-BF272A194108}
	EndGlobalSection
EndGlobal
